
Microsoft Visual Studio Solution File, Format Version 12.00
# Visual Studio Version 16
VisualStudioVersion = 16.0.31112.23
MinimumVisualStudioVersion = 10.0.40219.1
Project("{FAE04EC0-301F-11D3-BF4B-00C04F79EFBC}") = "biblioteca", "biblioteca\biblioteca.csproj", "{6A9861DB-6D9E-4453-BED2-29A4F318DBD4}"
EndProject
Global
	GlobalSection(SolutionConfigurationPlatforms) = preSolution
		Debug|Any CPU = Debug|Any CPU
		Release|Any CPU = Release|Any CPU
	EndGlobalSection
	GlobalSection(ProjectConfigurationPlatforms) = postSolution
		{6A9861DB-6D9E-4453-BED2-29A4F318DBD4}.Debug|Any CPU.ActiveCfg = Debug|Any CPU
		{6A9861DB-6D9E-4453-BED2-29A4F318DBD4}.Debug|Any CPU.Build.0 = Debug|Any CPU
		{6A9861DB-6D9E-4453-BED2-29A4F318DBD4}.Release|Any CPU.ActiveCfg = Release|Any CPU
		{6A9861DB-6D9E-4453-BED2-29A4F318DBD4}.Release|Any CPU.Build.0 = Release|Any CPU
	EndGlobalSection
	GlobalSection(SolutionProperties) = preSolution
		HideSolutionNode = FALSE
	EndGlobalSection
	GlobalSection(ExtensibilityGlobals) = postSolution
		SolutionGuid = {9C23C4E8-654C-4F6A-A1CE-31C7F79BAFA0}
	EndGlobalSection
EndGlobal
